version: 6
environments:
  default:
    channels:
    - url: https://conda.anaconda.org/conda-forge/
    options:
      pypi-prerelease-mode: if-necessary-or-explicit
    packages:
      linux-64:
      - conda: https://conda.anaconda.org/conda-forge/linux-64/_openmp_mutex-4.5-20_gnu.conda
      - conda: https://conda.anaconda.org/conda-forge/linux-64/bzip2-1.0.8-hda65f42_9.conda
      - conda: https://conda.anaconda.org/conda-forge/noarch/ca-certificates-2026.2.25-hbd8a1cb_0.conda
      - conda: https://conda.anaconda.org/conda-forge/linux-64/icu-78.2-h33c6efd_0.conda
      - conda: https://conda.anaconda.org/conda-forge/linux-64/ld_impl_linux-64-2.45.1-default_hbd61a6d_101.conda
      - conda: https://conda.anaconda.org/conda-forge/linux-64/libexpat-2.7.4-hecca717_0.conda
      - conda: https://conda.anaconda.org/conda-forge/linux-64/libffi-3.5.2-h3435931_0.conda
      - conda: https://conda.anaconda.org/conda-forge/linux-64/libgcc-15.2.0-he0feb66_18.conda
      - conda: https://conda.anaconda.org/conda-forge/linux-64/libgomp-15.2.0-he0feb66_18.conda
      - conda: https://conda.anaconda.org/conda-forge/linux-64/liblzma-5.8.2-hb03c661_0.conda
      - conda: https://conda.anaconda.org/conda-forge/linux-64/libmpdec-4.0.0-hb03c661_1.conda
      - conda: https://conda.anaconda.org/conda-forge/linux-64/libsqlite-3.51.2-hf4e2dac_0.conda
      - conda: https://conda.anaconda.org/conda-forge/linux-64/libstdcxx-15.2.0-h934c35e_18.conda
      - conda: https://conda.anaconda.org/conda-forge/linux-64/libuuid-2.41.3-h5347b49_0.conda
      - conda: https://conda.anaconda.org/conda-forge/linux-64/libzlib-1.3.1-hb9d3cd8_2.conda
      - conda: https://conda.anaconda.org/conda-forge/linux-64/ncurses-6.5-h2d0b736_3.conda
      - conda: https://conda.anaconda.org/conda-forge/linux-64/openssl-3.6.1-h35e630c_1.conda
      - conda: https://conda.anaconda.org/conda-forge/linux-64/python-3.14.3-h32b2ec7_101_cp314.conda
      - conda: https://conda.anaconda.org/conda-forge/noarch/python_abi-3.14-8_cp314.conda
      - conda: https://conda.anaconda.org/conda-forge/linux-64/readline-8.3-h853b02a_0.conda
      - conda: https://conda.anaconda.org/conda-forge/linux-64/tk-8.6.13-noxft_h366c992_103.conda
      - conda: https://conda.anaconda.org/conda-forge/noarch/tzdata-2025c-hc9c84f9_1.conda
      - conda: https://conda.anaconda.org/conda-forge/linux-64/zstd-1.5.7-hb78ec9c_6.conda
  dev:
    channels:
    - url: https://conda.anaconda.org/conda-forge/
    options:
      pypi-prerelease-mode: if-necessary-or-explicit
    packages:
      linux-64:
      - conda: https://conda.anaconda.org/conda-forge/linux-64/_openmp_mutex-4.5-20_gnu.conda
      - conda: https://conda.anaconda.org/conda-forge/linux-64/binutils_impl_linux-64-2.45.1-default_hfdba357_101.conda
      - conda: https://conda.anaconda.org/conda-forge/linux-64/bzip2-1.0.8-hda65f42_9.conda
      - conda: https://conda.anaconda.org/conda-forge/noarch/ca-certificates-2026.2.25-hbd8a1cb_0.conda
      - conda: https://conda.anaconda.org/conda-forge/linux-64/gcc_impl_linux-64-15.2.0-he420e7e_18.conda
      - conda: https://conda.anaconda.org/conda-forge/linux-64/icu-78.2-h33c6efd_0.conda
      - conda: https://conda.anaconda.org/conda-forge/noarch/kernel-headers_linux-64-4.18.0-he073ed8_9.conda
      - conda: https://conda.anaconda.org/conda-forge/linux-64/ld_impl_linux-64-2.45.1-default_hbd61a6d_101.conda
      - conda: https://conda.anaconda.org/conda-forge/linux-64/libexpat-2.7.4-hecca717_0.conda
      - conda: https://conda.anaconda.org/conda-forge/linux-64/libffi-3.5.2-h3435931_0.conda
      - conda: https://conda.anaconda.org/conda-forge/linux-64/libgcc-15.2.0-he0feb66_18.conda
      - conda: https://conda.anaconda.org/conda-forge/noarch/libgcc-devel_linux-64-15.2.0-hcc6f6b0_118.conda
      - conda: https://conda.anaconda.org/conda-forge/linux-64/libgomp-15.2.0-he0feb66_18.conda
      - conda: https://conda.anaconda.org/conda-forge/linux-64/liblzma-5.8.2-hb03c661_0.conda
      - conda: https://conda.anaconda.org/conda-forge/linux-64/libmpdec-4.0.0-hb03c661_1.conda
      - conda: https://conda.anaconda.org/conda-forge/linux-64/libsanitizer-15.2.0-h90f66d4_18.conda
      - conda: https://conda.anaconda.org/conda-forge/linux-64/libsqlite-3.51.2-hf4e2dac_0.conda
      - conda: https://conda.anaconda.org/conda-forge/linux-64/libstdcxx-15.2.0-h934c35e_18.conda
      - conda: https://conda.anaconda.org/conda-forge/noarch/libstdcxx-devel_linux-64-15.2.0-hd446a21_118.conda
      - conda: https://conda.anaconda.org/conda-forge/linux-64/libuuid-2.41.3-h5347b49_0.conda
      - conda: https://conda.anaconda.org/conda-forge/linux-64/libzlib-1.3.1-hb9d3cd8_2.conda
      - conda: https://conda.anaconda.org/conda-forge/linux-64/ncurses-6.5-h2d0b736_3.conda
      - conda: https://conda.anaconda.org/conda-forge/linux-64/openssl-3.6.1-h35e630c_1.conda
      - conda: https://conda.anaconda.org/conda-forge/linux-64/python-3.14.3-h32b2ec7_101_cp314.conda
      - conda: https://conda.anaconda.org/conda-forge/noarch/python_abi-3.14-8_cp314.conda
      - conda: https://conda.anaconda.org/conda-forge/linux-64/readline-8.3-h853b02a_0.conda
      - conda: https://conda.anaconda.org/conda-forge/linux-64/rust-1.93.1-h53717f1_0.conda
      - conda: https://conda.anaconda.org/conda-forge/noarch/rust-std-x86_64-unknown-linux-gnu-1.93.1-h2c6d0dc_0.conda
      - conda: https://conda.anaconda.org/conda-forge/noarch/sysroot_linux-64-2.28-h4ee821c_9.conda
      - conda: https://conda.anaconda.org/conda-forge/linux-64/tk-8.6.13-noxft_h366c992_103.conda
      - conda: https://conda.anaconda.org/conda-forge/noarch/tzdata-2025c-hc9c84f9_1.conda
      - conda: https://conda.anaconda.org/conda-forge/linux-64/zstd-1.5.7-hb78ec9c_6.conda
  docs:
    channels:
    - url: https://conda.anaconda.org/conda-forge/
    indexes:
    - https://pypi.org/simple
    options:
      pypi-prerelease-mode: if-necessary-or-explicit
    packages:
      linux-64:
      - conda: https://conda.anaconda.org/conda-forge/linux-64/_openmp_mutex-4.5-20_gnu.conda
      - conda: https://conda.anaconda.org/conda-forge/linux-64/bzip2-1.0.8-hda65f42_9.conda
      - conda: https://conda.anaconda.org/conda-forge/linux-64/c-ares-1.34.6-hb03c661_0.conda
      - conda: https://conda.anaconda.org/conda-forge/noarch/ca-certificates-2026.2.25-hbd8a1cb_0.conda
      - conda: https://conda.anaconda.org/conda-forge/linux-64/icu-78.2-h33c6efd_0.conda
      - conda: https://conda.anaconda.org/conda-forge/linux-64/ld_impl_linux-64-2.45.1-default_hbd61a6d_101.conda
      - conda: https://conda.anaconda.org/conda-forge/linux-64/libabseil-20260107.1-cxx17_h7b12aa8_0.conda
      - conda: https://conda.anaconda.org/conda-forge/linux-64/libbrotlicommon-1.2.0-hb03c661_1.conda
      - conda: https://conda.anaconda.org/conda-forge/linux-64/libbrotlidec-1.2.0-hb03c661_1.conda
      - conda: https://conda.anaconda.org/conda-forge/linux-64/libbrotlienc-1.2.0-hb03c661_1.conda
      - conda: https://conda.anaconda.org/conda-forge/linux-64/libev-4.33-hd590300_2.conda
      - conda: https://conda.anaconda.org/conda-forge/linux-64/libexpat-2.7.4-hecca717_0.conda
      - conda: https://conda.anaconda.org/conda-forge/linux-64/libffi-3.5.2-h3435931_0.conda
      - conda: https://conda.anaconda.org/conda-forge/linux-64/libgcc-15.2.0-he0feb66_18.conda
      - conda: https://conda.anaconda.org/conda-forge/linux-64/libgcc-ng-15.2.0-h69a702a_18.conda
      - conda: https://conda.anaconda.org/conda-forge/linux-64/libgomp-15.2.0-he0feb66_18.conda
      - conda: https://conda.anaconda.org/conda-forge/linux-64/liblzma-5.8.2-hb03c661_0.conda
      - conda: https://conda.anaconda.org/conda-forge/linux-64/libmpdec-4.0.0-hb03c661_1.conda
      - conda: https://conda.anaconda.org/conda-forge/linux-64/libnghttp2-1.67.0-had1ee68_0.conda
      - conda: https://conda.anaconda.org/conda-forge/linux-64/libsqlite-3.51.2-hf4e2dac_0.conda
      - conda: https://conda.anaconda.org/conda-forge/linux-64/libstdcxx-15.2.0-h934c35e_18.conda
      - conda: https://conda.anaconda.org/conda-forge/linux-64/libuuid-2.41.3-h5347b49_0.conda
      - conda: https://conda.anaconda.org/conda-forge/linux-64/libuv-1.51.0-hb03c661_1.conda
      - conda: https://conda.anaconda.org/conda-forge/linux-64/libzlib-1.3.1-hb9d3cd8_2.conda
      - conda: https://conda.anaconda.org/conda-forge/linux-64/ncurses-6.5-h2d0b736_3.conda
      - conda: https://conda.anaconda.org/conda-forge/linux-64/nodejs-25.7.0-he4ff34a_0.conda
      - conda: https://conda.anaconda.org/conda-forge/linux-64/openssl-3.6.1-h35e630c_1.conda
      - conda: https://conda.anaconda.org/conda-forge/linux-64/python-3.14.3-h32b2ec7_101_cp314.conda
      - conda: https://conda.anaconda.org/conda-forge/noarch/python_abi-3.14-8_cp314.conda
      - conda: https://conda.anaconda.org/conda-forge/linux-64/readline-8.3-h853b02a_0.conda
      - conda: https://conda.anaconda.org/conda-forge/linux-64/tk-8.6.13-noxft_h366c992_103.conda
      - conda: https://conda.anaconda.org/conda-forge/noarch/tzdata-2025c-hc9c84f9_1.conda
      - conda: https://conda.anaconda.org/conda-forge/linux-64/zstd-1.5.7-hb78ec9c_6.conda
      - pypi: https://files.pythonhosted.org/packages/7e/b3/6b4067be973ae96ba0d615946e314c5ae35f9f993eca561b356540bb0c2b/alabaster-1.0.0-py3-none-any.whl
      - pypi: https://files.pythonhosted.org/packages/77/f5/21d2de20e8b8b0408f0681956ca2c69f1320a3848ac50e6e7f39c6159675/babel-2.18.0-py3-none-any.whl
      - pypi: https://files.pythonhosted.org/packages/9a/3c/c17fb3ca2d9c3acff52e30b309f538586f9f5b9c9cf454f3845fc9af4881/certifi-2026.2.25-py3-none-any.whl
      - pypi: https://files.pythonhosted.org/packages/67/ff/f6b948ca32e4f2a4576aa129d8bed61f2e0543bf9f5f2b7fc3758ed005c9/charset_normalizer-3.4.4-cp314-cp314-manylinux2014_x86_64.manylinux_2_17_x86_64.manylinux_2_28_x86_64.whl
      - pypi: https://files.pythonhosted.org/packages/8f/d7/9322c609343d929e75e7e5e6255e614fcc67572cfd083959cdef3b7aad79/docutils-0.21.2-py3-none-any.whl
      - pypi: https://files.pythonhosted.org/packages/0e/61/66938bbb5fc52dbdf84594873d5b51fb1f7c7794e9c0f5bd885f30bc507b/idna-3.11-py3-none-any.whl
      - pypi: https://files.pythonhosted.org/packages/ff/62/85c4c919272577931d407be5ba5d71c20f0b616d31a0befe0ae45bb79abd/imagesize-1.4.1-py2.py3-none-any.whl
      - pypi: https://files.pythonhosted.org/packages/62/a1/3d680cbfd5f4b8f15abc1d571870c5fc3e594bb582bc3b64ea099db13e56/jinja2-3.1.6-py3-none-any.whl
      - pypi: https://files.pythonhosted.org/packages/42/d7/1ec15b46af6af88f19b8e5ffea08fa375d433c998b8a7639e76935c14f1f/markdown_it_py-3.0.0-py3-none-any.whl
      - pypi: https://files.pythonhosted.org/packages/41/3c/a36c2450754618e62008bf7435ccb0f88053e07592e6028a34776213d877/markupsafe-3.0.3-cp314-cp314-manylinux2014_x86_64.manylinux_2_17_x86_64.manylinux_2_28_x86_64.whl
      - pypi: https://files.pythonhosted.org/packages/fb/86/dd6e5db36df29e76c7a7699123569a4a18c1623ce68d826ed96c62643cae/mdit_py_plugins-0.5.0-py3-none-any.whl
      - pypi: https://files.pythonhosted.org/packages/b3/38/89ba8ad64ae25be8de66a6d463314cf1eb366222074cfda9ee839c56a4b4/mdurl-0.1.2-py3-none-any.whl
      - pypi: https://files.pythonhosted.org/packages/5f/df/76d0321c3797b54b60fef9ec3bd6f4cfd124b9e422182156a1dd418722cf/myst_parser-4.0.1-py3-none-any.whl
      - pypi: https://files.pythonhosted.org/packages/b7/b9/c538f279a4e237a006a2c98387d081e9eb060d203d8ed34467cc0f0b9b53/packaging-26.0-py3-none-any.whl
      - pypi: https://files.pythonhosted.org/packages/c7/21/705964c7812476f378728bdf590ca4b771ec72385c533964653c68e86bdc/pygments-2.19.2-py3-none-any.whl
      - pypi: https://files.pythonhosted.org/packages/8f/64/7e0266f0c541e26df86c31d2add9be3dd9914ae83785ce0aba7cbb693667/pygments_styles-0.3.0-py3-none-any.whl
      - pypi: https://files.pythonhosted.org/packages/88/f9/16491d7ed2a919954993e48aa941b200f38040928474c9e85ea9e64222c3/pyyaml-6.0.3-cp314-cp314-manylinux2014_x86_64.manylinux_2_17_x86_64.manylinux_2_28_x86_64.whl
      - pypi: https://files.pythonhosted.org/packages/1e/db/4254e3eabe8020b458f1a747140d32277ec7a271daf1d235b70dc0b4e6e3/requests-2.32.5-py3-none-any.whl
      - pypi: https://files.pythonhosted.org/packages/04/54/6f679c435d28e0a568d8e8a7c0a93a09010818634c3c3907fc98d8983770/roman_numerals-4.1.0-py3-none-any.whl
      - pypi: https://files.pythonhosted.org/packages/27/2c/daca29684cbe9fd4bc711f8246da3c10adca1ccc4d24436b17572eb2590e/roman_numerals_py-4.1.0-py3-none-any.whl
      - pypi: https://files.pythonhosted.org/packages/a9/af/2d14e79fe962119d536f66428a01c8de169b22f70e1d96ae6abfd42dfe13/shibuya-2025.12.19-py3-none-any.whl
      - pypi: https://files.pythonhosted.org/packages/c8/78/3565d011c61f5a43488987ee32b6f3f656e7f107ac2782dd57bdd7d91d9a/snowballstemmer-3.0.1-py3-none-any.whl
      - pypi: https://files.pythonhosted.org/packages/31/53/136e9eca6e0b9dc0e1962e2c908fbea2e5ac000c2a2fbd9a35797958c48b/sphinx-8.2.3-py3-none-any.whl
      - pypi: https://files.pythonhosted.org/packages/e1/fb/e496f16fa11fbe2dbdd0b5e306ede153dfed050aae4766fc89d500720dc7/sphinx_last_updated_by_git-0.3.8-py3-none-any.whl
      - pypi: https://files.pythonhosted.org/packages/e4/94/3c57e8b1985e755c48972e2ecd59526d4bf0b52a1fe805bc52a8e98cb92d/sphinx_sitemap-2.9.0-py3-none-any.whl
      - pypi: https://files.pythonhosted.org/packages/5d/85/9ebeae2f76e9e77b952f4b274c27238156eae7979c5421fba91a28f4970d/sphinxcontrib_applehelp-2.0.0-py3-none-any.whl
      - pypi: https://files.pythonhosted.org/packages/35/7a/987e583882f985fe4d7323774889ec58049171828b58c2217e7f79cdf44e/sphinxcontrib_devhelp-2.0.0-py3-none-any.whl
      - pypi: https://files.pythonhosted.org/packages/0a/7b/18a8c0bcec9182c05a0b3ec2a776bba4ead82750a55ff798e8d406dae604/sphinxcontrib_htmlhelp-2.1.0-py3-none-any.whl
      - pypi: https://files.pythonhosted.org/packages/c2/42/4c8646762ee83602e3fb3fbe774c2fac12f317deb0b5dbeeedd2d3ba4b77/sphinxcontrib_jsmath-1.0.1-py2.py3-none-any.whl
      - pypi: https://files.pythonhosted.org/packages/27/83/859ecdd180cacc13b1f7e857abf8582a64552ea7a061057a6c716e790fce/sphinxcontrib_qthelp-2.0.0-py3-none-any.whl
      - pypi: https://files.pythonhosted.org/packages/52/a7/d2782e4e3f77c8450f727ba74a8f12756d5ba823d81b941f1b04da9d033a/sphinxcontrib_serializinghtml-2.0.0-py3-none-any.whl
      - pypi: https://files.pythonhosted.org/packages/39/08/aaaad47bc4e9dc8c725e68f9d04865dbcb2052843ff09c97b08904852d84/urllib3-2.6.3-py3-none-any.whl
packages:
- conda: https://conda.anaconda.org/conda-forge/linux-64/_openmp_mutex-4.5-20_gnu.conda
  build_number: 20
  sha256: 1dd3fffd892081df9726d7eb7e0dea6198962ba775bd88842135a4ddb4deb3c9
  md5: a9f577daf3de00bca7c3c76c0ecbd1de
  depends:
  - __glibc >=2.17,<3.0.a0
  - libgomp >=7.5.0
  constrains:
  - openmp_impl <0.0a0
  license: BSD-3-Clause
  license_family: BSD
  purls: []
  size: 28948
  timestamp: 1770939786096
- pypi: https://files.pythonhosted.org/packages/7e/b3/6b4067be973ae96ba0d615946e314c5ae35f9f993eca561b356540bb0c2b/alabaster-1.0.0-py3-none-any.whl
  name: alabaster
  version: 1.0.0
  sha256: fc6786402dc3fcb2de3cabd5fe455a2db534b371124f1f21de8731783dec828b
  requires_python: '>=3.10'
- pypi: https://files.pythonhosted.org/packages/77/f5/21d2de20e8b8b0408f0681956ca2c69f1320a3848ac50e6e7f39c6159675/babel-2.18.0-py3-none-any.whl
  name: babel
  version: 2.18.0
  sha256: e2b422b277c2b9a9630c1d7903c2a00d0830c409c59ac8cae9081c92f1aeba35
  requires_dist:
  - pytz>=2015.7 ; python_full_version < '3.9'
  - tzdata ; sys_platform == 'win32' and extra == 'dev'
  - backports-zoneinfo ; python_full_version < '3.9' and extra == 'dev'
  - freezegun~=1.0 ; extra == 'dev'
  - jinja2>=3.0 ; extra == 'dev'
  - pytest-cov ; extra == 'dev'
  - pytest>=6.0 ; extra == 'dev'
  - pytz ; extra == 'dev'
  - setuptools ; extra == 'dev'
  requires_python: '>=3.8'
- conda: https://conda.anaconda.org/conda-forge/linux-64/binutils_impl_linux-64-2.45.1-default_hfdba357_101.conda
  sha256: 74341b26a2b9475dc14ba3cf12432fcd10a23af285101883e720216d81d44676
  md5: 83aa53cb3f5fc849851a84d777a60551
  depends:
  - ld_impl_linux-64 2.45.1 default_hbd61a6d_101
  - sysroot_linux-64
  - zstd >=1.5.7,<1.6.0a0
  license: GPL-3.0-only
  license_family: GPL
  size: 3744895
  timestamp: 1770267152681
- conda: https://conda.anaconda.org/conda-forge/linux-64/bzip2-1.0.8-hda65f42_9.conda
  sha256: 0b75d45f0bba3e95dc693336fa51f40ea28c980131fec438afb7ce6118ed05f6
  md5: d2ffd7602c02f2b316fd921d39876885
  depends:
  - __glibc >=2.17,<3.0.a0
  - libgcc >=14
  license: bzip2-1.0.6
  license_family: BSD
  purls: []
  size: 260182
  timestamp: 1771350215188
- conda: https://conda.anaconda.org/conda-forge/linux-64/c-ares-1.34.6-hb03c661_0.conda
  sha256: cc9accf72fa028d31c2a038460787751127317dcfa991f8d1f1babf216bb454e
  md5: 920bb03579f15389b9e512095ad995b7
  depends:
  - __glibc >=2.17,<3.0.a0
  - libgcc >=14
  license: MIT
  license_family: MIT
  purls: []
  size: 207882
  timestamp: 1765214722852
- conda: https://conda.anaconda.org/conda-forge/noarch/ca-certificates-2026.2.25-hbd8a1cb_0.conda
  sha256: 67cc7101b36421c5913a1687ef1b99f85b5d6868da3abbf6ec1a4181e79782fc
  md5: 4492fd26db29495f0ba23f146cd5638d
  depends:
  - __unix
  license: ISC
  purls: []
  size: 147413
  timestamp: 1772006283803
- pypi: https://files.pythonhosted.org/packages/9a/3c/c17fb3ca2d9c3acff52e30b309f538586f9f5b9c9cf454f3845fc9af4881/certifi-2026.2.25-py3-none-any.whl
  name: certifi
  version: 2026.2.25
  sha256: 027692e4402ad994f1c42e52a4997a9763c646b73e4096e4d5d6db8af1d6f0fa
  requires_python: '>=3.7'
- pypi: https://files.pythonhosted.org/packages/67/ff/f6b948ca32e4f2a4576aa129d8bed61f2e0543bf9f5f2b7fc3758ed005c9/charset_normalizer-3.4.4-cp314-cp314-manylinux2014_x86_64.manylinux_2_17_x86_64.manylinux_2_28_x86_64.whl
  name: charset-normalizer
  version: 3.4.4
  sha256: ecaae4149d99b1c9e7b88bb03e3221956f68fd6d50be2ef061b2381b61d20838
  requires_python: '>=3.7'
- pypi: https://files.pythonhosted.org/packages/8f/d7/9322c609343d929e75e7e5e6255e614fcc67572cfd083959cdef3b7aad79/docutils-0.21.2-py3-none-any.whl
  name: docutils
  version: 0.21.2
  sha256: dafca5b9e384f0e419294eb4d2ff9fa826435bf15f15b7bd45723e8ad76811b2
  requires_python: '>=3.9'
- conda: https://conda.anaconda.org/conda-forge/linux-64/gcc_impl_linux-64-15.2.0-he420e7e_18.conda
  sha256: a088cfd3ae6fa83815faa8703bc9d21cc915f17bd1b51aac9c16ddf678da21e4
  md5: cf56b6d74f580b91fd527e10d9a2e324
  depends:
  - binutils_impl_linux-64 >=2.45
  - libgcc >=15.2.0
  - libgcc-devel_linux-64 15.2.0 hcc6f6b0_118
  - libgomp >=15.2.0
  - libsanitizer 15.2.0 h90f66d4_18
  - libstdcxx >=15.2.0
  - libstdcxx-devel_linux-64 15.2.0 hd446a21_118
  - sysroot_linux-64
  license: GPL-3.0-only WITH GCC-exception-3.1
  license_family: GPL
  size: 81814135
  timestamp: 1771378369317
- conda: https://conda.anaconda.org/conda-forge/linux-64/icu-78.2-h33c6efd_0.conda
  sha256: 142a722072fa96cf16ff98eaaf641f54ab84744af81754c292cb81e0881c0329
  md5: 186a18e3ba246eccfc7cff00cd19a870
  depends:
  - __glibc >=2.17,<3.0.a0
  - libgcc >=14
  - libstdcxx >=14
  license: MIT
  license_family: MIT
  purls: []
  size: 12728445
  timestamp: 1767969922681
- pypi: https://files.pythonhosted.org/packages/0e/61/66938bbb5fc52dbdf84594873d5b51fb1f7c7794e9c0f5bd885f30bc507b/idna-3.11-py3-none-any.whl
  name: idna
  version: '3.11'
  sha256: 771a87f49d9defaf64091e6e6fe9c18d4833f140bd19464795bc32d966ca37ea
  requires_dist:
  - ruff>=0.6.2 ; extra == 'all'
  - mypy>=1.11.2 ; extra == 'all'
  - pytest>=8.3.2 ; extra == 'all'
  - flake8>=7.1.1 ; extra == 'all'
  requires_python: '>=3.8'
- pypi: https://files.pythonhosted.org/packages/ff/62/85c4c919272577931d407be5ba5d71c20f0b616d31a0befe0ae45bb79abd/imagesize-1.4.1-py2.py3-none-any.whl
  name: imagesize
  version: 1.4.1
  sha256: 0d8d18d08f840c19d0ee7ca1fd82490fdc3729b7ac93f49870406ddde8ef8d8b
  requires_python: '>=2.7,!=3.0.*,!=3.1.*,!=3.2.*,!=3.3.*'
- pypi: https://files.pythonhosted.org/packages/62/a1/3d680cbfd5f4b8f15abc1d571870c5fc3e594bb582bc3b64ea099db13e56/jinja2-3.1.6-py3-none-any.whl
  name: jinja2
  version: 3.1.6
  sha256: 85ece4451f492d0c13c5dd7c13a64681a86afae63a5f347908daf103ce6d2f67
  requires_dist:
  - markupsafe>=2.0
  - babel>=2.7 ; extra == 'i18n'
  requires_python: '>=3.7'
- conda: https://conda.anaconda.org/conda-forge/noarch/kernel-headers_linux-64-4.18.0-he073ed8_9.conda
  sha256: 41557eeadf641de6aeae49486cef30d02a6912d8da98585d687894afd65b356a
  md5: 86d9cba083cd041bfbf242a01a7a1999
  constrains:
  - sysroot_linux-64 ==2.28
  license: LGPL-2.0-or-later AND LGPL-2.0-or-later WITH exceptions AND GPL-2.0-or-later
  license_family: GPL
  size: 1278712
  timestamp: 1765578681495
- conda: https://conda.anaconda.org/conda-forge/linux-64/ld_impl_linux-64-2.45.1-default_hbd61a6d_101.conda
  sha256: 565941ac1f8b0d2f2e8f02827cbca648f4d18cd461afc31f15604cd291b5c5f3
  md5: 12bd9a3f089ee6c9266a37dab82afabd
  depends:
  - __glibc >=2.17,<3.0.a0
  - zstd >=1.5.7,<1.6.0a0
  constrains:
  - binutils_impl_linux-64 2.45.1
  license: GPL-3.0-only
  license_family: GPL
  purls: []
  size: 725507
  timestamp: 1770267139900
- conda: https://conda.anaconda.org/conda-forge/linux-64/libabseil-20260107.1-cxx17_h7b12aa8_0.conda
  sha256: a7a4481a4d217a3eadea0ec489826a69070fcc3153f00443aa491ed21527d239
  md5: 6f7b4302263347698fd24565fbf11310
  depends:
  - __glibc >=2.17,<3.0.a0
  - libgcc >=14
  - libstdcxx >=14
  constrains:
  - libabseil-static =20260107.1=cxx17*
  - abseil-cpp =20260107.1
  license: Apache-2.0
  license_family: Apache
  purls: []
  size: 1384817
  timestamp: 1770863194876
- conda: https://conda.anaconda.org/conda-forge/linux-64/libbrotlicommon-1.2.0-hb03c661_1.conda
  sha256: 318f36bd49ca8ad85e6478bd8506c88d82454cc008c1ac1c6bf00a3c42fa610e
  md5: 72c8fd1af66bd67bf580645b426513ed
  depends:
  - __glibc >=2.17,<3.0.a0
  - libgcc >=14
  license: MIT
  license_family: MIT
  purls: []
  size: 79965
  timestamp: 1764017188531
- conda: https://conda.anaconda.org/conda-forge/linux-64/libbrotlidec-1.2.0-hb03c661_1.conda
  sha256: 12fff21d38f98bc446d82baa890e01fd82e3b750378fedc720ff93522ffb752b
  md5: 366b40a69f0ad6072561c1d09301c886
  depends:
  - __glibc >=2.17,<3.0.a0
  - libbrotlicommon 1.2.0 hb03c661_1
  - libgcc >=14
  license: MIT
  license_family: MIT
  purls: []
  size: 34632
  timestamp: 1764017199083
- conda: https://conda.anaconda.org/conda-forge/linux-64/libbrotlienc-1.2.0-hb03c661_1.conda
  sha256: a0c15c79997820bbd3fbc8ecf146f4fe0eca36cc60b62b63ac6cf78857f1dd0d
  md5: 4ffbb341c8b616aa2494b6afb26a0c5f
  depends:
  - __glibc >=2.17,<3.0.a0
  - libbrotlicommon 1.2.0 hb03c661_1
  - libgcc >=14
  license: MIT
  license_family: MIT
  purls: []
  size: 298378
  timestamp: 1764017210931
- conda: https://conda.anaconda.org/conda-forge/linux-64/libev-4.33-hd590300_2.conda
  sha256: 1cd6048169fa0395af74ed5d8f1716e22c19a81a8a36f934c110ca3ad4dd27b4
  md5: 172bf1cd1ff8629f2b1179945ed45055
  depends:
  - libgcc-ng >=12
  license: BSD-2-Clause
  license_family: BSD
  purls: []
  size: 112766
  timestamp: 1702146165126
- conda: https://conda.anaconda.org/conda-forge/linux-64/libexpat-2.7.4-hecca717_0.conda
  sha256: d78f1d3bea8c031d2f032b760f36676d87929b18146351c4464c66b0869df3f5
  md5: e7f7ce06ec24cfcfb9e36d28cf82ba57
  depends:
  - __glibc >=2.17,<3.0.a0
  - libgcc >=14
  constrains:
  - expat 2.7.4.*
  license: MIT
  license_family: MIT
  purls: []
  size: 76798
  timestamp: 1771259418166
- conda: https://conda.anaconda.org/conda-forge/linux-64/libffi-3.5.2-h3435931_0.conda
  sha256: 31f19b6a88ce40ebc0d5a992c131f57d919f73c0b92cd1617a5bec83f6e961e6
  md5: a360c33a5abe61c07959e449fa1453eb
  depends:
  - __glibc >=2.17,<3.0.a0
  - libgcc >=14
  license: MIT
  license_family: MIT
  purls: []
  size: 58592
  timestamp: 1769456073053
- conda: https://conda.anaconda.org/conda-forge/linux-64/libgcc-15.2.0-he0feb66_18.conda
  sha256: faf7d2017b4d718951e3a59d081eb09759152f93038479b768e3d612688f83f5
  md5: 0aa00f03f9e39fb9876085dee11a85d4
  depends:
  - __glibc >=2.17,<3.0.a0
  - _openmp_mutex >=4.5
  constrains:
  - libgcc-ng ==15.2.0=*_18
  - libgomp 15.2.0 he0feb66_18
  license: GPL-3.0-only WITH GCC-exception-3.1
  license_family: GPL
  purls: []
  size: 1041788
  timestamp: 1771378212382
- conda: https://conda.anaconda.org/conda-forge/noarch/libgcc-devel_linux-64-15.2.0-hcc6f6b0_118.conda
  sha256: af69fc5852908d26e5b630b270982ac792506551dd6af1614bf0370dd5ab5746
  md5: 5d3a96d55f1be45fef88ee23155effd9
  depends:
  - __unix
  license: GPL-3.0-only WITH GCC-exception-3.1
  license_family: GPL
  size: 3085932
  timestamp: 1771378098166
- conda: https://conda.anaconda.org/conda-forge/linux-64/libgcc-ng-15.2.0-h69a702a_18.conda
  sha256: e318a711400f536c81123e753d4c797a821021fb38970cebfb3f454126016893
  md5: d5e96b1ed75ca01906b3d2469b4ce493
  depends:
  - libgcc 15.2.0 he0feb66_18
  license: GPL-3.0-only WITH GCC-exception-3.1
  license_family: GPL
  purls: []
  size: 27526
  timestamp: 1771378224552
- conda: https://conda.anaconda.org/conda-forge/linux-64/libgomp-15.2.0-he0feb66_18.conda
  sha256: 21337ab58e5e0649d869ab168d4e609b033509de22521de1bfed0c031bfc5110
  md5: 239c5e9546c38a1e884d69effcf4c882
  depends:
  - __glibc >=2.17,<3.0.a0
  license: GPL-3.0-only WITH GCC-exception-3.1
  license_family: GPL
  purls: []
  size: 603262
  timestamp: 1771378117851
- conda: https://conda.anaconda.org/conda-forge/linux-64/liblzma-5.8.2-hb03c661_0.conda
  sha256: 755c55ebab181d678c12e49cced893598f2bab22d582fbbf4d8b83c18be207eb
  md5: c7c83eecbb72d88b940c249af56c8b17
  depends:
  - __glibc >=2.17,<3.0.a0
  - libgcc >=14
  constrains:
  - xz 5.8.2.*
  license: 0BSD
  purls: []
  size: 113207
  timestamp: 1768752626120
- conda: https://conda.anaconda.org/conda-forge/linux-64/libmpdec-4.0.0-hb03c661_1.conda
  sha256: fe171ed5cf5959993d43ff72de7596e8ac2853e9021dec0344e583734f1e0843
  md5: 2c21e66f50753a083cbe6b80f38268fa
  depends:
  - __glibc >=2.17,<3.0.a0
  - libgcc >=14
  license: BSD-2-Clause
  license_family: BSD
  purls: []
  size: 92400
  timestamp: 1769482286018
- conda: https://conda.anaconda.org/conda-forge/linux-64/libnghttp2-1.67.0-had1ee68_0.conda
  sha256: a4a7dab8db4dc81c736e9a9b42bdfd97b087816e029e221380511960ac46c690
  md5: b499ce4b026493a13774bcf0f4c33849
  depends:
  - __glibc >=2.17,<3.0.a0
  - c-ares >=1.34.5,<2.0a0
  - libev >=4.33,<4.34.0a0
  - libev >=4.33,<5.0a0
  - libgcc >=14
  - libstdcxx >=14
  - libzlib >=1.3.1,<2.0a0
  - openssl >=3.5.2,<4.0a0
  license: MIT
  license_family: MIT
  purls: []
  size: 666600
  timestamp: 1756834976695
- conda: https://conda.anaconda.org/conda-forge/linux-64/libsanitizer-15.2.0-h90f66d4_18.conda
  sha256: 0329e23d54a567c259adc962a62172eaa55e6ca33c105ef67b4f3cdb4ef70eaa
  md5: ff754fbe790d4e70cf38aea3668c3cb3
  depends:
  - __glibc >=2.17,<3.0.a0
  - libgcc >=15.2.0
  - libstdcxx >=15.2.0
  license: GPL-3.0-only WITH GCC-exception-3.1
  license_family: GPL
  size: 8095113
  timestamp: 1771378289674
- conda: https://conda.anaconda.org/conda-forge/linux-64/libsqlite-3.51.2-hf4e2dac_0.conda
  sha256: 04596fcee262a870e4b7c9807224680ff48d4d0cc0dac076a602503d3dc6d217
  md5: da5be73701eecd0e8454423fd6ffcf30
  depends:
  - __glibc >=2.17,<3.0.a0
  - icu >=78.2,<79.0a0
  - libgcc >=14
  - libzlib >=1.3.1,<2.0a0
  license: blessing
  purls: []
  size: 942808
  timestamp: 1768147973361
- conda: https://conda.anaconda.org/conda-forge/linux-64/libstdcxx-15.2.0-h934c35e_18.conda
  sha256: 78668020064fdaa27e9ab65cd2997e2c837b564ab26ce3bf0e58a2ce1a525c6e
  md5: 1b08cd684f34175e4514474793d44bcb
  depends:
  - __glibc >=2.17,<3.0.a0
  - libgcc 15.2.0 he0feb66_18
  constrains:
  - libstdcxx-ng ==15.2.0=*_18
  license: GPL-3.0-only WITH GCC-exception-3.1
  license_family: GPL
  purls: []
  size: 5852330
  timestamp: 1771378262446
- conda: https://conda.anaconda.org/conda-forge/noarch/libstdcxx-devel_linux-64-15.2.0-hd446a21_118.conda
  sha256: 138ee40ba770abf4556ee9981879da9e33299f406a450831b48c1c397d7d0833
  md5: a50630d1810916fc252b2152f1dc9d6d
  depends:
  - __unix
  license: GPL-3.0-only WITH GCC-exception-3.1
  license_family: GPL
  size: 20669511
  timestamp: 1771378139786
- conda: https://conda.anaconda.org/conda-forge/linux-64/libuuid-2.41.3-h5347b49_0.conda
  sha256: 1a7539cfa7df00714e8943e18de0b06cceef6778e420a5ee3a2a145773758aee
  md5: db409b7c1720428638e7c0d509d3e1b5
  depends:
  - __glibc >=2.17,<3.0.a0
  - libgcc >=14
  license: BSD-3-Clause
  license_family: BSD
  purls: []
  size: 40311
  timestamp: 1766271528534
- conda: https://conda.anaconda.org/conda-forge/linux-64/libuv-1.51.0-hb03c661_1.conda
  sha256: c180f4124a889ac343fc59d15558e93667d894a966ec6fdb61da1604481be26b
  md5: 0f03292cc56bf91a077a134ea8747118
  depends:
  - __glibc >=2.17,<3.0.a0
  - libgcc >=14
  license: MIT
  license_family: MIT
  purls: []
  size: 895108
  timestamp: 1753948278280
- conda: https://conda.anaconda.org/conda-forge/linux-64/libzlib-1.3.1-hb9d3cd8_2.conda
  sha256: d4bfe88d7cb447768e31650f06257995601f89076080e76df55e3112d4e47dc4
  md5: edb0dca6bc32e4f4789199455a1dbeb8
  depends:
  - __glibc >=2.17,<3.0.a0
  - libgcc >=13
  constrains:
  - zlib 1.3.1 *_2
  license: Zlib
  license_family: Other
  purls: []
  size: 60963
  timestamp: 1727963148474
- pypi: https://files.pythonhosted.org/packages/42/d7/1ec15b46af6af88f19b8e5ffea08fa375d433c998b8a7639e76935c14f1f/markdown_it_py-3.0.0-py3-none-any.whl
  name: markdown-it-py
  version: 3.0.0
  sha256: 355216845c60bd96232cd8d8c40e8f9765cc86f46880e43a8fd22dc1a1a8cab1
  requires_dist:
  - mdurl~=0.1
  - psutil ; extra == 'benchmarking'
  - pytest ; extra == 'benchmarking'
  - pytest-benchmark ; extra == 'benchmarking'
  - pre-commit~=3.0 ; extra == 'code-style'
  - commonmark~=0.9 ; extra == 'compare'
  - markdown~=3.4 ; extra == 'compare'
  - mistletoe~=1.0 ; extra == 'compare'
  - mistune~=2.0 ; extra == 'compare'
  - panflute~=2.3 ; extra == 'compare'
  - linkify-it-py>=1,<3 ; extra == 'linkify'
  - mdit-py-plugins ; extra == 'plugins'
  - gprof2dot ; extra == 'profiling'
  - mdit-py-plugins ; extra == 'rtd'
  - myst-parser ; extra == 'rtd'
  - pyyaml ; extra == 'rtd'
  - sphinx ; extra == 'rtd'
  - sphinx-copybutton ; extra == 'rtd'
  - sphinx-design ; extra == 'rtd'
  - sphinx-book-theme ; extra == 'rtd'
  - jupyter-sphinx ; extra == 'rtd'
  - coverage ; extra == 'testing'
  - pytest ; extra == 'testing'
  - pytest-cov ; extra == 'testing'
  - pytest-regressions ; extra == 'testing'
  requires_python: '>=3.8'
- pypi: https://files.pythonhosted.org/packages/41/3c/a36c2450754618e62008bf7435ccb0f88053e07592e6028a34776213d877/markupsafe-3.0.3-cp314-cp314-manylinux2014_x86_64.manylinux_2_17_x86_64.manylinux_2_28_x86_64.whl
  name: markupsafe
  version: 3.0.3
  sha256: 457a69a9577064c05a97c41f4e65148652db078a3a509039e64d3467b9e7ef97
  requires_python: '>=3.9'
- pypi: https://files.pythonhosted.org/packages/fb/86/dd6e5db36df29e76c7a7699123569a4a18c1623ce68d826ed96c62643cae/mdit_py_plugins-0.5.0-py3-none-any.whl
  name: mdit-py-plugins
  version: 0.5.0
  sha256: 07a08422fc1936a5d26d146759e9155ea466e842f5ab2f7d2266dd084c8dab1f
  requires_dist:
  - markdown-it-py>=2.0.0,<5.0.0
  - pre-commit ; extra == 'code-style'
  - myst-parser ; extra == 'rtd'
  - sphinx-book-theme ; extra == 'rtd'
  - coverage ; extra == 'testing'
  - pytest ; extra == 'testing'
  - pytest-cov ; extra == 'testing'
  - pytest-regressions ; extra == 'testing'
  requires_python: '>=3.10'
- pypi: https://files.pythonhosted.org/packages/b3/38/89ba8ad64ae25be8de66a6d463314cf1eb366222074cfda9ee839c56a4b4/mdurl-0.1.2-py3-none-any.whl
  name: mdurl
  version: 0.1.2
  sha256: 84008a41e51615a49fc9966191ff91509e3c40b939176e643fd50a5c2196b8f8
  requires_python: '>=3.7'
- pypi: https://files.pythonhosted.org/packages/5f/df/76d0321c3797b54b60fef9ec3bd6f4cfd124b9e422182156a1dd418722cf/myst_parser-4.0.1-py3-none-any.whl
  name: myst-parser
  version: 4.0.1
  sha256: 9134e88959ec3b5780aedf8a99680ea242869d012e8821db3126d427edc9c95d
  requires_dist:
  - docutils>=0.19,<0.22
  - jinja2
  - markdown-it-py~=3.0
  - mdit-py-plugins~=0.4,>=0.4.1
  - pyyaml
  - sphinx>=7,<9
  - pre-commit~=4.0 ; extra == 'code-style'
  - linkify-it-py~=2.0 ; extra == 'linkify'
  - sphinx>=7 ; extra == 'rtd'
  - ipython ; extra == 'rtd'
  - sphinx-book-theme~=1.1 ; extra == 'rtd'
  - sphinx-design ; extra == 'rtd'
  - sphinx-copybutton ; extra == 'rtd'
  - sphinxext-rediraffe~=0.2.7 ; extra == 'rtd'
  - sphinxext-opengraph~=0.9.0 ; extra == 'rtd'
  - sphinx-pyscript ; extra == 'rtd'
  - sphinx-tippy>=0.4.3 ; extra == 'rtd'
  - sphinx-autodoc2~=0.5.0 ; extra == 'rtd'
  - sphinx-togglebutton ; extra == 'rtd'
  - beautifulsoup4 ; extra == 'testing'
  - coverage[toml] ; extra == 'testing'
  - defusedxml ; extra == 'testing'
  - pytest>=8,<9 ; extra == 'testing'
  - pytest-cov ; extra == 'testing'
  - pytest-regressions ; extra == 'testing'
  - pytest-param-files~=0.6.0 ; extra == 'testing'
  - sphinx-pytest ; extra == 'testing'
  - pygments<2.19 ; extra == 'testing'
  - pygments ; extra == 'testing-docutils'
  - pytest>=8,<9 ; extra == 'testing-docutils'
  - pytest-param-files~=0.6.0 ; extra == 'testing-docutils'
  requires_python: '>=3.10'
- conda: https://conda.anaconda.org/conda-forge/linux-64/ncurses-6.5-h2d0b736_3.conda
  sha256: 3fde293232fa3fca98635e1167de6b7c7fda83caf24b9d6c91ec9eefb4f4d586
  md5: 47e340acb35de30501a76c7c799c41d7
  depends:
  - __glibc >=2.17,<3.0.a0
  - libgcc >=13
  license: X11 AND BSD-3-Clause
  purls: []
  size: 891641
  timestamp: 1738195959188
- conda: https://conda.anaconda.org/conda-forge/linux-64/nodejs-25.7.0-he4ff34a_0.conda
  sha256: 4791285a34195615e22a94dc62cbd43181548b34eb34e6cb1dcf8f469476a32e
  md5: ba562095149fde99c700365d90e6d632
  depends:
  - __glibc >=2.28,<3.0.a0
  - libstdcxx >=14
  - libgcc >=14
  - libnghttp2 >=1.67.0,<2.0a0
  - c-ares >=1.34.6,<2.0a0
  - zstd >=1.5.7,<1.6.0a0
  - libbrotlicommon >=1.2.0,<1.3.0a0
  - libbrotlienc >=1.2.0,<1.3.0a0
  - libbrotlidec >=1.2.0,<1.3.0a0
  - libuv >=1.51.0,<2.0a0
  - openssl >=3.5.5,<4.0a0
  - libabseil >=20260107.1,<20260108.0a0
  - libabseil * cxx17*
  - icu >=78.2,<79.0a0
  - libzlib >=1.3.1,<2.0a0
  - libsqlite >=3.51.2,<4.0a0
  license: MIT
  license_family: MIT
  purls: []
  size: 18875002
  timestamp: 1772300115686
- conda: https://conda.anaconda.org/conda-forge/linux-64/openssl-3.6.1-h35e630c_1.conda
  sha256: 44c877f8af015332a5d12f5ff0fb20ca32f896526a7d0cdb30c769df1144fb5c
  md5: f61eb8cd60ff9057122a3d338b99c00f
  depends:
  - __glibc >=2.17,<3.0.a0
  - ca-certificates
  - libgcc >=14
  license: Apache-2.0
  license_family: Apache
  purls: []
  size: 3164551
  timestamp: 1769555830639
- pypi: https://files.pythonhosted.org/packages/b7/b9/c538f279a4e237a006a2c98387d081e9eb060d203d8ed34467cc0f0b9b53/packaging-26.0-py3-none-any.whl
  name: packaging
  version: '26.0'
  sha256: b36f1fef9334a5588b4166f8bcd26a14e521f2b55e6b9de3aaa80d3ff7a37529
  requires_python: '>=3.8'
- pypi: https://files.pythonhosted.org/packages/c7/21/705964c7812476f378728bdf590ca4b771ec72385c533964653c68e86bdc/pygments-2.19.2-py3-none-any.whl
  name: pygments
  version: 2.19.2
  sha256: 86540386c03d588bb81d44bc3928634ff26449851e99741617ecb9037ee5ec0b
  requires_dist:
  - colorama>=0.4.6 ; extra == 'windows-terminal'
  requires_python: '>=3.8'
- pypi: https://files.pythonhosted.org/packages/8f/64/7e0266f0c541e26df86c31d2add9be3dd9914ae83785ce0aba7cbb693667/pygments_styles-0.3.0-py3-none-any.whl
  name: pygments-styles
  version: 0.3.0
  sha256: c6c45e9939eb7590345bc9084113bac46c45f12b009d13422be02e80e84a034c
  requires_dist:
  - pygments
  requires_python: '>=3.9'
- conda: https://conda.anaconda.org/conda-forge/linux-64/python-3.14.3-h32b2ec7_101_cp314.conda
  build_number: 101
  sha256: cb0628c5f1732f889f53a877484da98f5a0e0f47326622671396fb4f2b0cd6bd
  md5: c014ad06e60441661737121d3eae8a60
  depends:
  - __glibc >=2.17,<3.0.a0
  - bzip2 >=1.0.8,<2.0a0
  - ld_impl_linux-64 >=2.36.1
  - libexpat >=2.7.3,<3.0a0
  - libffi >=3.5.2,<3.6.0a0
  - libgcc >=14
  - liblzma >=5.8.2,<6.0a0
  - libmpdec >=4.0.0,<5.0a0
  - libsqlite >=3.51.2,<4.0a0
  - libuuid >=2.41.3,<3.0a0
  - libzlib >=1.3.1,<2.0a0
  - ncurses >=6.5,<7.0a0
  - openssl >=3.5.5,<4.0a0
  - python_abi 3.14.* *_cp314
  - readline >=8.3,<9.0a0
  - tk >=8.6.13,<8.7.0a0
  - tzdata
  - zstd >=1.5.7,<1.6.0a0
  license: Python-2.0
  purls: []
  size: 36702440
  timestamp: 1770675584356
  python_site_packages_path: lib/python3.14/site-packages
- conda: https://conda.anaconda.org/conda-forge/noarch/python_abi-3.14-8_cp314.conda
  build_number: 8
  sha256: ad6d2e9ac39751cc0529dd1566a26751a0bf2542adb0c232533d32e176e21db5
  md5: 0539938c55b6b1a59b560e843ad864a4
  constrains:
  - python 3.14.* *_cp314
  license: BSD-3-Clause
  license_family: BSD
  purls: []
  size: 6989
  timestamp: 1752805904792
- pypi: https://files.pythonhosted.org/packages/88/f9/16491d7ed2a919954993e48aa941b200f38040928474c9e85ea9e64222c3/pyyaml-6.0.3-cp314-cp314-manylinux2014_x86_64.manylinux_2_17_x86_64.manylinux_2_28_x86_64.whl
  name: pyyaml
  version: 6.0.3
  sha256: c458b6d084f9b935061bc36216e8a69a7e293a2f1e68bf956dcd9e6cbcd143f5
  requires_python: '>=3.8'
- conda: https://conda.anaconda.org/conda-forge/linux-64/readline-8.3-h853b02a_0.conda
  sha256: 12ffde5a6f958e285aa22c191ca01bbd3d6e710aa852e00618fa6ddc59149002
  md5: d7d95fc8287ea7bf33e0e7116d2b95ec
  depends:
  - __glibc >=2.17,<3.0.a0
  - libgcc >=14
  - ncurses >=6.5,<7.0a0
  license: GPL-3.0-only
  license_family: GPL
  purls: []
  size: 345073
  timestamp: 1765813471974
- pypi: https://files.pythonhosted.org/packages/1e/db/4254e3eabe8020b458f1a747140d32277ec7a271daf1d235b70dc0b4e6e3/requests-2.32.5-py3-none-any.whl
  name: requests
  version: 2.32.5
  sha256: 2462f94637a34fd532264295e186976db0f5d453d1cdd31473c85a6a161affb6
  requires_dist:
  - charset-normalizer>=2,<4
  - idna>=2.5,<4
  - urllib3>=1.21.1,<3
  - certifi>=2017.4.17
  - pysocks>=1.5.6,!=1.5.7 ; extra == 'socks'
  - chardet>=3.0.2,<6 ; extra == 'use-chardet-on-py3'
  requires_python: '>=3.9'
- pypi: https://files.pythonhosted.org/packages/04/54/6f679c435d28e0a568d8e8a7c0a93a09010818634c3c3907fc98d8983770/roman_numerals-4.1.0-py3-none-any.whl
  name: roman-numerals
  version: 4.1.0
  sha256: 647ba99caddc2cc1e55a51e4360689115551bf4476d90e8162cf8c345fe233c7
  requires_python: '>=3.10'
- pypi: https://files.pythonhosted.org/packages/27/2c/daca29684cbe9fd4bc711f8246da3c10adca1ccc4d24436b17572eb2590e/roman_numerals_py-4.1.0-py3-none-any.whl
  name: roman-numerals-py
  version: 4.1.0
  sha256: 553114c1167141c1283a51743759723ecd05604a1b6b507225e91dc1a6df0780
  requires_dist:
  - roman-numerals==4.1.0
  requires_python: '>=3.10'
- conda: https://conda.anaconda.org/conda-forge/linux-64/rust-1.93.1-h53717f1_0.conda
  sha256: 21e067aabf5863eee02fc5681a6d56de888abea6eaa521abf756b707c0dbcd39
  md5: f05b79be5b5f13fecc79af60892bb1c4
  depends:
  - __glibc >=2.17,<3.0.a0
  - gcc_impl_linux-64
  - libgcc >=14
  - libzlib >=1.3.1,<2.0a0
  - rust-std-x86_64-unknown-linux-gnu 1.93.1 h2c6d0dc_0
  - sysroot_linux-64 >=2.17
  license: MIT
  license_family: MIT
  size: 177821736
  timestamp: 1771008968072
- conda: https://conda.anaconda.org/conda-forge/noarch/rust-std-x86_64-unknown-linux-gnu-1.93.1-h2c6d0dc_0.conda
  sha256: fb979ded3c378074457af671a4f7317e0e24ba9393a4ace33d7d87efe055752e
  md5: b202bf8a5113a75a130ca5f6f111dda7
  depends:
  - __unix
  constrains:
  - rust >=1.93.1,<1.93.2.0a0
  license: MIT
  license_family: MIT
  size: 38400767
  timestamp: 1771008857576
- pypi: https://files.pythonhosted.org/packages/a9/af/2d14e79fe962119d536f66428a01c8de169b22f70e1d96ae6abfd42dfe13/shibuya-2025.12.19-py3-none-any.whl
  name: shibuya
  version: 2025.12.19
  sha256: f6262059311322d352bb28f844892f5b72518f2760196a9eb3e58f4f475c7908
  requires_dist:
  - sphinx
  - pygments-styles
  requires_python: '>=3.10'
- pypi: https://files.pythonhosted.org/packages/c8/78/3565d011c61f5a43488987ee32b6f3f656e7f107ac2782dd57bdd7d91d9a/snowballstemmer-3.0.1-py3-none-any.whl
  name: snowballstemmer
  version: 3.0.1
  sha256: 6cd7b3897da8d6c9ffb968a6781fa6532dce9c3618a4b127d920dab764a19064
  requires_python: '!=3.0.*,!=3.1.*,!=3.2.*'
- pypi: https://files.pythonhosted.org/packages/31/53/136e9eca6e0b9dc0e1962e2c908fbea2e5ac000c2a2fbd9a35797958c48b/sphinx-8.2.3-py3-none-any.whl
  name: sphinx
  version: 8.2.3
  sha256: 4405915165f13521d875a8c29c8970800a0141c14cc5416a38feca4ea5d9b9c3
  requires_dist:
  - sphinxcontrib-applehelp>=1.0.7
  - sphinxcontrib-devhelp>=1.0.6
  - sphinxcontrib-htmlhelp>=2.0.6
  - sphinxcontrib-jsmath>=1.0.1
  - sphinxcontrib-qthelp>=1.0.6
  - sphinxcontrib-serializinghtml>=1.1.9
  - jinja2>=3.1
  - pygments>=2.17
  - docutils>=0.20,<0.22
  - snowballstemmer>=2.2
  - babel>=2.13
  - alabaster>=0.7.14
  - imagesize>=1.3
  - requests>=2.30.0
  - roman-numerals-py>=1.0.0
  - packaging>=23.0
  - colorama>=0.4.6 ; sys_platform == 'win32'
  - sphinxcontrib-websupport ; extra == 'docs'
  - ruff==0.9.9 ; extra == 'lint'
  - mypy==1.15.0 ; extra == 'lint'
  - sphinx-lint>=0.9 ; extra == 'lint'
  - types-colorama==0.4.15.20240311 ; extra == 'lint'
  - types-defusedxml==0.7.0.20240218 ; extra == 'lint'
  - types-docutils==0.21.0.20241128 ; extra == 'lint'
  - types-pillow==10.2.0.20240822 ; extra == 'lint'
  - types-pygments==2.19.0.20250219 ; extra == 'lint'
  - types-requests==2.32.0.20241016 ; extra == 'lint'
  - types-urllib3==1.26.25.14 ; extra == 'lint'
  - pyright==1.1.395 ; extra == 'lint'
  - pytest>=8.0 ; extra == 'lint'
  - pypi-attestations==0.0.21 ; extra == 'lint'
  - betterproto==2.0.0b6 ; extra == 'lint'
  - pytest>=8.0 ; extra == 'test'
  - pytest-xdist[psutil]>=3.4 ; extra == 'test'
  - defusedxml>=0.7.1 ; extra == 'test'
  - cython>=3.0 ; extra == 'test'
  - setuptools>=70.0 ; extra == 'test'
  - typing-extensions>=4.9 ; extra == 'test'
  requires_python: '>=3.11'
- pypi: https://files.pythonhosted.org/packages/e1/fb/e496f16fa11fbe2dbdd0b5e306ede153dfed050aae4766fc89d500720dc7/sphinx_last_updated_by_git-0.3.8-py3-none-any.whl
  name: sphinx-last-updated-by-git
  version: 0.3.8
  sha256: 6382c8285ac1f222483a58569b78c0371af5e55f7fbf9c01e5e8a72d6fdfa499
  requires_dist:
  - sphinx>=1.8
  requires_python: '>=3.7'
- pypi: https://files.pythonhosted.org/packages/e4/94/3c57e8b1985e755c48972e2ecd59526d4bf0b52a1fe805bc52a8e98cb92d/sphinx_sitemap-2.9.0-py3-none-any.whl
  name: sphinx-sitemap
  version: 2.9.0
  sha256: f1f1d3a9ad012ba17a7ef0b560d303bff2d0db26647567d6e810bcc754466664
  requires_dist:
  - sphinx-last-updated-by-git
  - tox ; extra == 'dev'
  - build ; extra == 'dev'
  - pre-commit ; extra == 'dev'
  - flake8 ; extra == 'dev'
  - sphinx ; extra == 'dev'
  - sphinx-last-updated-by-git ; extra == 'dev'
  - pytest ; extra == 'dev'
- pypi: https://files.pythonhosted.org/packages/5d/85/9ebeae2f76e9e77b952f4b274c27238156eae7979c5421fba91a28f4970d/sphinxcontrib_applehelp-2.0.0-py3-none-any.whl
  name: sphinxcontrib-applehelp
  version: 2.0.0
  sha256: 4cd3f0ec4ac5dd9c17ec65e9ab272c9b867ea77425228e68ecf08d6b28ddbdb5
  requires_dist:
  - ruff==0.5.5 ; extra == 'lint'
  - mypy ; extra == 'lint'
  - types-docutils ; extra == 'lint'
  - sphinx>=5 ; extra == 'standalone'
  - pytest ; extra == 'test'
  requires_python: '>=3.9'
- pypi: https://files.pythonhosted.org/packages/35/7a/987e583882f985fe4d7323774889ec58049171828b58c2217e7f79cdf44e/sphinxcontrib_devhelp-2.0.0-py3-none-any.whl
  name: sphinxcontrib-devhelp
  version: 2.0.0
  sha256: aefb8b83854e4b0998877524d1029fd3e6879210422ee3780459e28a1f03a8a2
  requires_dist:
  - ruff==0.5.5 ; extra == 'lint'
  - mypy ; extra == 'lint'
  - types-docutils ; extra == 'lint'
  - sphinx>=5 ; extra == 'standalone'
  - pytest ; extra == 'test'
  requires_python: '>=3.9'
- pypi: https://files.pythonhosted.org/packages/0a/7b/18a8c0bcec9182c05a0b3ec2a776bba4ead82750a55ff798e8d406dae604/sphinxcontrib_htmlhelp-2.1.0-py3-none-any.whl
  name: sphinxcontrib-htmlhelp
  version: 2.1.0
  sha256: 166759820b47002d22914d64a075ce08f4c46818e17cfc9470a9786b759b19f8
  requires_dist:
  - ruff==0.5.5 ; extra == 'lint'
  - mypy ; extra == 'lint'
  - types-docutils ; extra == 'lint'
  - sphinx>=5 ; extra == 'standalone'
  - pytest ; extra == 'test'
  - html5lib ; extra == 'test'
  requires_python: '>=3.9'
- pypi: https://files.pythonhosted.org/packages/c2/42/4c8646762ee83602e3fb3fbe774c2fac12f317deb0b5dbeeedd2d3ba4b77/sphinxcontrib_jsmath-1.0.1-py2.py3-none-any.whl
  name: sphinxcontrib-jsmath
  version: 1.0.1
  sha256: 2ec2eaebfb78f3f2078e73666b1415417a116cc848b72e5172e596c871103178
  requires_dist:
  - pytest ; extra == 'test'
  - flake8 ; extra == 'test'
  - mypy ; extra == 'test'
  requires_python: '>=3.5'
- pypi: https://files.pythonhosted.org/packages/27/83/859ecdd180cacc13b1f7e857abf8582a64552ea7a061057a6c716e790fce/sphinxcontrib_qthelp-2.0.0-py3-none-any.whl
  name: sphinxcontrib-qthelp
  version: 2.0.0
  sha256: b18a828cdba941ccd6ee8445dbe72ffa3ef8cbe7505d8cd1fa0d42d3f2d5f3eb
  requires_dist:
  - ruff==0.5.5 ; extra == 'lint'
  - mypy ; extra == 'lint'
  - types-docutils ; extra == 'lint'
  - sphinx>=5 ; extra == 'standalone'
  - pytest ; extra == 'test'
  - defusedxml>=0.7.1 ; extra == 'test'
  requires_python: '>=3.9'
- pypi: https://files.pythonhosted.org/packages/52/a7/d2782e4e3f77c8450f727ba74a8f12756d5ba823d81b941f1b04da9d033a/sphinxcontrib_serializinghtml-2.0.0-py3-none-any.whl
  name: sphinxcontrib-serializinghtml
  version: 2.0.0
  sha256: 6e2cb0eef194e10c27ec0023bfeb25badbbb5868244cf5bc5bdc04e4464bf331
  requires_dist:
  - ruff==0.5.5 ; extra == 'lint'
  - mypy ; extra == 'lint'
  - types-docutils ; extra == 'lint'
  - sphinx>=5 ; extra == 'standalone'
  - pytest ; extra == 'test'
  requires_python: '>=3.9'
- conda: https://conda.anaconda.org/conda-forge/noarch/sysroot_linux-64-2.28-h4ee821c_9.conda
  sha256: c47299fe37aebb0fcf674b3be588e67e4afb86225be4b0d452c7eb75c086b851
  md5: 13dc3adbc692664cd3beabd216434749
  depends:
  - __glibc >=2.28
  - kernel-headers_linux-64 4.18.0 he073ed8_9
  - tzdata
  license: LGPL-2.0-or-later AND LGPL-2.0-or-later WITH exceptions AND GPL-2.0-or-later
  license_family: GPL
  size: 24008591
  timestamp: 1765578833462
- conda: https://conda.anaconda.org/conda-forge/linux-64/tk-8.6.13-noxft_h366c992_103.conda
  sha256: cafeec44494f842ffeca27e9c8b0c27ed714f93ac77ddadc6aaf726b5554ebac
  md5: cffd3bdd58090148f4cfcd831f4b26ab
  depends:
  - __glibc >=2.17,<3.0.a0
  - libgcc >=14
  - libzlib >=1.3.1,<2.0a0
  constrains:
  - xorg-libx11 >=1.8.12,<2.0a0
  license: TCL
  license_family: BSD
  purls: []
  size: 3301196
  timestamp: 1769460227866
- conda: https://conda.anaconda.org/conda-forge/noarch/tzdata-2025c-hc9c84f9_1.conda
  sha256: 1d30098909076af33a35017eed6f2953af1c769e273a0626a04722ac4acaba3c
  md5: ad659d0a2b3e47e38d829aa8cad2d610
  license: LicenseRef-Public-Domain
  purls: []
  size: 119135
  timestamp: 1767016325805
- pypi: https://files.pythonhosted.org/packages/39/08/aaaad47bc4e9dc8c725e68f9d04865dbcb2052843ff09c97b08904852d84/urllib3-2.6.3-py3-none-any.whl
  name: urllib3
  version: 2.6.3
  sha256: bf272323e553dfb2e87d9bfd225ca7b0f467b919d7bbd355436d3fd37cb0acd4
  requires_dist:
  - brotli>=1.2.0 ; platform_python_implementation == 'CPython' and extra == 'brotli'
  - brotlicffi>=1.2.0.0 ; platform_python_implementation != 'CPython' and extra == 'brotli'
  - h2>=4,<5 ; extra == 'h2'
  - pysocks>=1.5.6,!=1.5.7,<2.0 ; extra == 'socks'
  - backports-zstd>=1.0.0 ; python_full_version < '3.14' and extra == 'zstd'
  requires_python: '>=3.9'
- conda: https://conda.anaconda.org/conda-forge/linux-64/zstd-1.5.7-hb78ec9c_6.conda
  sha256: 68f0206ca6e98fea941e5717cec780ed2873ffabc0e1ed34428c061e2c6268c7
  md5: 4a13eeac0b5c8e5b8ab496e6c4ddd829
  depends:
  - __glibc >=2.17,<3.0.a0
  - libzlib >=1.3.1,<2.0a0
  license: BSD-3-Clause
  license_family: BSD
  purls: []
  size: 601375
  timestamp: 1764777111296
